
Microsoft Visual Studio Solution File, Format Version 12.00
# Visual Studio Version 16
VisualStudioVersion = 16.0.28803.452
MinimumVisualStudioVersion = 10.0.40219.1
Project("{FAE04EC0-301F-11D3-BF4B-00C04F79EFBC}") = "ConsoleShoppingStore", "ConsoleShoppingStore.csproj", "{FC9FFD3E-AD59-47AB-B7D9-9D91D2CDAAB3}"
EndProject
Project("{FAE04EC0-301F-11D3-BF4B-00C04F79EFBC}") = "Controller", "..\Controller\Controller.csproj", "{C7C76759-7118-4E42-A82A-85937C3B7C1D}"
EndProject
Global
	GlobalSection(SolutionConfigurationPlatforms) = preSolution
		Debug|Any CPU = Debug|Any CPU
		Release|Any CPU = Release|Any CPU
	EndGlobalSection
	GlobalSection(ProjectConfigurationPlatforms) = postSolution
		{FC9FFD3E-AD59-47AB-B7D9-9D91D2CDAAB3}.Debug|Any CPU.ActiveCfg = Debug|Any CPU
		{FC9FFD3E-AD59-47AB-B7D9-9D91D2CDAAB3}.Debug|Any CPU.Build.0 = Debug|Any CPU
		{FC9FFD3E-AD59-47AB-B7D9-9D91D2CDAAB3}.Release|Any CPU.ActiveCfg = Release|Any CPU
		{FC9FFD3E-AD59-47AB-B7D9-9D91D2CDAAB3}.Release|Any CPU.Build.0 = Release|Any CPU
		{C7C76759-7118-4E42-A82A-85937C3B7C1D}.Debug|Any CPU.ActiveCfg = Debug|Any CPU
		{C7C76759-7118-4E42-A82A-85937C3B7C1D}.Debug|Any CPU.Build.0 = Debug|Any CPU
		{C7C76759-7118-4E42-A82A-85937C3B7C1D}.Release|Any CPU.ActiveCfg = Release|Any CPU
		{C7C76759-7118-4E42-A82A-85937C3B7C1D}.Release|Any CPU.Build.0 = Release|Any CPU
	EndGlobalSection
	GlobalSection(SolutionProperties) = preSolution
		HideSolutionNode = FALSE
	EndGlobalSection
	GlobalSection(ExtensibilityGlobals) = postSolution
		SolutionGuid = {23E7FEAB-FAF0-464A-A4B3-F4F41A1ACEE1}
	EndGlobalSection
EndGlobal
